
Microsoft Visual Studio Solution File, Format Version 12.00
# Visual Studio 2013
VisualStudioVersion = 12.0.30501.0
MinimumVisualStudioVersion = 10.0.40219.1
Project("{FAE04EC0-301F-11D3-BF4B-00C04F79EFBC}") = "Api", "Api\Api.csproj", "{3F208072-073E-4CDF-8C6C-5C077609A2BC}"
EndProject
Project("{FAE04EC0-301F-11D3-BF4B-00C04F79EFBC}") = "Infrastructure", "Infrastructure\Infrastructure.csproj", "{1994013E-7C31-4057-9793-DAF0F1BE40B2}"
EndProject
Project("{FAE04EC0-301F-11D3-BF4B-00C04F79EFBC}") = "Import.CvPartner", "Import.CvPartner\Import.CvPartner.csproj", "{B544EFBD-81E6-44A0-9423-84ABCF1C0B46}"
EndProject
Project("{FAE04EC0-301F-11D3-BF4B-00C04F79EFBC}") = "Worker", "Worker\Worker.csproj", "{3EDB2953-9C1A-4EEC-9539-C8B0D60BAC22}"
EndProject
Project("{FAE04EC0-301F-11D3-BF4B-00C04F79EFBC}") = "TestApp", "TestApp\TestApp.csproj", "{72C5EE3B-9C34-45EE-8CAA-BCBDE6D49FF4}"
EndProject
Project("{FAE04EC0-301F-11D3-BF4B-00C04F79EFBC}") = "ReadStore", "ReadStore\ReadStore.csproj", "{DC681094-CE50-4E07-A14E-3CDA4554FFB1}"
EndProject
Project("{FAE04EC0-301F-11D3-BF4B-00C04F79EFBC}") = "Domain", "Domain\Domain.csproj", "{C9EE6D55-7258-4472-86AC-838F6AE045AB}"
EndProject
Project("{FAE04EC0-301F-11D3-BF4B-00C04F79EFBC}") = "Domain.Test", "Domain.Test\Domain.Test.csproj", "{79FB25AE-8CF3-4BC3-95BB-F47111ECC74A}"
EndProject
Project("{FAE04EC0-301F-11D3-BF4B-00C04F79EFBC}") = "WorkerService", "WorkerService\WorkerService.csproj", "{183CE247-16CA-4FFF-A053-4383883AB318}"
EndProject
Project("{FAE04EC0-301F-11D3-BF4B-00C04F79EFBC}") = "Import.Auth0", "Import.Auth0\Import.Auth0.csproj", "{6E0950E9-5930-4AD4-938E-7D09ADED2D84}"
EndProject
Global
	GlobalSection(SolutionConfigurationPlatforms) = preSolution
		Debug|Any CPU = Debug|Any CPU
		Release|Any CPU = Release|Any CPU
	EndGlobalSection
	GlobalSection(ProjectConfigurationPlatforms) = postSolution
		{3F208072-073E-4CDF-8C6C-5C077609A2BC}.Debug|Any CPU.ActiveCfg = Debug|Any CPU
		{3F208072-073E-4CDF-8C6C-5C077609A2BC}.Debug|Any CPU.Build.0 = Debug|Any CPU
		{3F208072-073E-4CDF-8C6C-5C077609A2BC}.Release|Any CPU.ActiveCfg = Release|Any CPU
		{3F208072-073E-4CDF-8C6C-5C077609A2BC}.Release|Any CPU.Build.0 = Release|Any CPU
		{1994013E-7C31-4057-9793-DAF0F1BE40B2}.Debug|Any CPU.ActiveCfg = Debug|Any CPU
		{1994013E-7C31-4057-9793-DAF0F1BE40B2}.Debug|Any CPU.Build.0 = Debug|Any CPU
		{1994013E-7C31-4057-9793-DAF0F1BE40B2}.Release|Any CPU.ActiveCfg = Release|Any CPU
		{1994013E-7C31-4057-9793-DAF0F1BE40B2}.Release|Any CPU.Build.0 = Release|Any CPU
		{B544EFBD-81E6-44A0-9423-84ABCF1C0B46}.Debug|Any CPU.ActiveCfg = Debug|Any CPU
		{B544EFBD-81E6-44A0-9423-84ABCF1C0B46}.Debug|Any CPU.Build.0 = Debug|Any CPU
		{B544EFBD-81E6-44A0-9423-84ABCF1C0B46}.Release|Any CPU.ActiveCfg = Release|Any CPU
		{B544EFBD-81E6-44A0-9423-84ABCF1C0B46}.Release|Any CPU.Build.0 = Release|Any CPU
		{3EDB2953-9C1A-4EEC-9539-C8B0D60BAC22}.Debug|Any CPU.ActiveCfg = Debug|Any CPU
		{3EDB2953-9C1A-4EEC-9539-C8B0D60BAC22}.Debug|Any CPU.Build.0 = Debug|Any CPU
		{3EDB2953-9C1A-4EEC-9539-C8B0D60BAC22}.Release|Any CPU.ActiveCfg = Release|Any CPU
		{3EDB2953-9C1A-4EEC-9539-C8B0D60BAC22}.Release|Any CPU.Build.0 = Release|Any CPU
		{72C5EE3B-9C34-45EE-8CAA-BCBDE6D49FF4}.Debug|Any CPU.ActiveCfg = Debug|Any CPU
		{72C5EE3B-9C34-45EE-8CAA-BCBDE6D49FF4}.Debug|Any CPU.Build.0 = Debug|Any CPU
		{72C5EE3B-9C34-45EE-8CAA-BCBDE6D49FF4}.Release|Any CPU.ActiveCfg = Release|Any CPU
		{72C5EE3B-9C34-45EE-8CAA-BCBDE6D49FF4}.Release|Any CPU.Build.0 = Release|Any CPU
		{DC681094-CE50-4E07-A14E-3CDA4554FFB1}.Debug|Any CPU.ActiveCfg = Debug|Any CPU
		{DC681094-CE50-4E07-A14E-3CDA4554FFB1}.Debug|Any CPU.Build.0 = Debug|Any CPU
		{DC681094-CE50-4E07-A14E-3CDA4554FFB1}.Release|Any CPU.ActiveCfg = Release|Any CPU
		{DC681094-CE50-4E07-A14E-3CDA4554FFB1}.Release|Any CPU.Build.0 = Release|Any CPU
		{C9EE6D55-7258-4472-86AC-838F6AE045AB}.Debug|Any CPU.ActiveCfg = Debug|Any CPU
		{C9EE6D55-7258-4472-86AC-838F6AE045AB}.Debug|Any CPU.Build.0 = Debug|Any CPU
		{C9EE6D55-7258-4472-86AC-838F6AE045AB}.Release|Any CPU.ActiveCfg = Release|Any CPU
		{C9EE6D55-7258-4472-86AC-838F6AE045AB}.Release|Any CPU.Build.0 = Release|Any CPU
		{79FB25AE-8CF3-4BC3-95BB-F47111ECC74A}.Debug|Any CPU.ActiveCfg = Debug|Any CPU
		{79FB25AE-8CF3-4BC3-95BB-F47111ECC74A}.Debug|Any CPU.Build.0 = Debug|Any CPU
		{79FB25AE-8CF3-4BC3-95BB-F47111ECC74A}.Release|Any CPU.ActiveCfg = Release|Any CPU
		{79FB25AE-8CF3-4BC3-95BB-F47111ECC74A}.Release|Any CPU.Build.0 = Release|Any CPU
		{183CE247-16CA-4FFF-A053-4383883AB318}.Debug|Any CPU.ActiveCfg = Debug|Any CPU
		{183CE247-16CA-4FFF-A053-4383883AB318}.Debug|Any CPU.Build.0 = Debug|Any CPU
		{183CE247-16CA-4FFF-A053-4383883AB318}.Release|Any CPU.ActiveCfg = Release|Any CPU
		{183CE247-16CA-4FFF-A053-4383883AB318}.Release|Any CPU.Build.0 = Release|Any CPU
		{6E0950E9-5930-4AD4-938E-7D09ADED2D84}.Debug|Any CPU.ActiveCfg = Debug|Any CPU
		{6E0950E9-5930-4AD4-938E-7D09ADED2D84}.Debug|Any CPU.Build.0 = Debug|Any CPU
		{6E0950E9-5930-4AD4-938E-7D09ADED2D84}.Release|Any CPU.ActiveCfg = Release|Any CPU
		{6E0950E9-5930-4AD4-938E-7D09ADED2D84}.Release|Any CPU.Build.0 = Release|Any CPU
	EndGlobalSection
	GlobalSection(SolutionProperties) = preSolution
		HideSolutionNode = FALSE
	EndGlobalSection
EndGlobal
