
Microsoft Visual Studio Solution File, Format Version 12.00
# Visual Studio 2013
VisualStudioVersion = 12.0.30723.0
MinimumVisualStudioVersion = 10.0.40219.1
Project("{FAE04EC0-301F-11D3-BF4B-00C04F79EFBC}") = "Contact.Backend", "Contact.Backend\Contact.Backend.csproj", "{3F208072-073E-4CDF-8C6C-5C077609A2BC}"
EndProject
Project("{FAE04EC0-301F-11D3-BF4B-00C04F79EFBC}") = "Contact.Domain", "Contact.Domain\Contact.Domain.csproj", "{C9EE6D55-7258-4472-86AC-838F6AE045AB}"
EndProject
Project("{FAE04EC0-301F-11D3-BF4B-00C04F79EFBC}") = "Contact.Domain.Test", "Contact.Domain.Test\Contact.Domain.Test.csproj", "{79FB25AE-8CF3-4BC3-95BB-F47111ECC74A}"
EndProject
Project("{FAE04EC0-301F-11D3-BF4B-00C04F79EFBC}") = "Contact.Infrastructure", "Contact.Infrastructure\Contact.Infrastructure.csproj", "{1994013E-7C31-4057-9793-DAF0F1BE40B2}"
EndProject
Global
	GlobalSection(SolutionConfigurationPlatforms) = preSolution
		Debug|Any CPU = Debug|Any CPU
		Release|Any CPU = Release|Any CPU
	EndGlobalSection
	GlobalSection(ProjectConfigurationPlatforms) = postSolution
		{3F208072-073E-4CDF-8C6C-5C077609A2BC}.Debug|Any CPU.ActiveCfg = Debug|Any CPU
		{3F208072-073E-4CDF-8C6C-5C077609A2BC}.Debug|Any CPU.Build.0 = Debug|Any CPU
		{3F208072-073E-4CDF-8C6C-5C077609A2BC}.Release|Any CPU.ActiveCfg = Release|Any CPU
		{3F208072-073E-4CDF-8C6C-5C077609A2BC}.Release|Any CPU.Build.0 = Release|Any CPU
		{C9EE6D55-7258-4472-86AC-838F6AE045AB}.Debug|Any CPU.ActiveCfg = Debug|Any CPU
		{C9EE6D55-7258-4472-86AC-838F6AE045AB}.Debug|Any CPU.Build.0 = Debug|Any CPU
		{C9EE6D55-7258-4472-86AC-838F6AE045AB}.Release|Any CPU.ActiveCfg = Release|Any CPU
		{C9EE6D55-7258-4472-86AC-838F6AE045AB}.Release|Any CPU.Build.0 = Release|Any CPU
		{79FB25AE-8CF3-4BC3-95BB-F47111ECC74A}.Debug|Any CPU.ActiveCfg = Debug|Any CPU
		{79FB25AE-8CF3-4BC3-95BB-F47111ECC74A}.Debug|Any CPU.Build.0 = Debug|Any CPU
		{79FB25AE-8CF3-4BC3-95BB-F47111ECC74A}.Release|Any CPU.ActiveCfg = Release|Any CPU
		{79FB25AE-8CF3-4BC3-95BB-F47111ECC74A}.Release|Any CPU.Build.0 = Release|Any CPU
		{1994013E-7C31-4057-9793-DAF0F1BE40B2}.Debug|Any CPU.ActiveCfg = Debug|Any CPU
		{1994013E-7C31-4057-9793-DAF0F1BE40B2}.Debug|Any CPU.Build.0 = Debug|Any CPU
		{1994013E-7C31-4057-9793-DAF0F1BE40B2}.Release|Any CPU.ActiveCfg = Release|Any CPU
		{1994013E-7C31-4057-9793-DAF0F1BE40B2}.Release|Any CPU.Build.0 = Release|Any CPU
	EndGlobalSection
	GlobalSection(SolutionProperties) = preSolution
		HideSolutionNode = FALSE
	EndGlobalSection
EndGlobal
